
Microsoft Visual Studio Solution File, Format Version 12.00
# Visual Studio Version 16
VisualStudioVersion = 16.0.30503.244
MinimumVisualStudioVersion = 10.0.40219.1
Project("{FAE04EC0-301F-11D3-BF4B-00C04F79EFBC}") = "ElasticSearchAndCore", "ElasticSearchAndCore\ElasticSearchAndCore.csproj", "{2F751272-EAC3-4962-B37B-E5E8ABCE54DF}"
EndProject
Global
	GlobalSection(SolutionConfigurationPlatforms) = preSolution
		Debug|Any CPU = Debug|Any CPU
		Release|Any CPU = Release|Any CPU
	EndGlobalSection
	GlobalSection(ProjectConfigurationPlatforms) = postSolution
		{2F751272-EAC3-4962-B37B-E5E8ABCE54DF}.Debug|Any CPU.ActiveCfg = Debug|Any CPU
		{2F751272-EAC3-4962-B37B-E5E8ABCE54DF}.Debug|Any CPU.Build.0 = Debug|Any CPU
		{2F751272-EAC3-4962-B37B-E5E8ABCE54DF}.Release|Any CPU.ActiveCfg = Release|Any CPU
		{2F751272-EAC3-4962-B37B-E5E8ABCE54DF}.Release|Any CPU.Build.0 = Release|Any CPU
	EndGlobalSection
	GlobalSection(SolutionProperties) = preSolution
		HideSolutionNode = FALSE
	EndGlobalSection
	GlobalSection(ExtensibilityGlobals) = postSolution
		SolutionGuid = {6E1546BE-A89B-476C-A8D0-2B83D3B62FC8}
	EndGlobalSection
EndGlobal
